
Microsoft Visual Studio Solution File, Format Version 12.00
# Visual Studio Version 17
VisualStudioVersion = 17.11.35312.102
MinimumVisualStudioVersion = 10.0.40219.1
Project("{8BC9CEB8-8B4A-11D0-8D11-00A0C91BC942}") = "GetDataAndPrintDataUsingCurl", "GetDataAndPrintDataUsingCurl\GetDataAndPrintDataUsingCurl.vcxproj", "{79A0F9B9-0C50-471A-8BC8-CED03521E5B6}"
EndProject
Project("{8BC9CEB8-8B4A-11D0-8D11-00A0C91BC942}") = "WindowsAutomation", "WindowsAutomation\WindowsAutomation.vcxproj", "{CEBF3392-110E-4928-A169-D483012095BA}"
EndProject
Project("{8BC9CEB8-8B4A-11D0-8D11-00A0C91BC942}") = "OptimizedC++", "OptimizedC++\OptimizedC++.vcxproj", "{3313048E-35E9-4628-8654-D1B8880C7F27}"
EndProject
Project("{8BC9CEB8-8B4A-11D0-8D11-00A0C91BC942}") = "DataAndAlgorithm", "DataAndAlgorithm\DataAndAlgorithm.vcxproj", "{20FDE81C-5631-418B-BA34-A85262173462}"
EndProject
Global
	GlobalSection(SolutionConfigurationPlatforms) = preSolution
		Debug|x64 = Debug|x64
		Debug|x86 = Debug|x86
		Release|x64 = Release|x64
		Release|x86 = Release|x86
	EndGlobalSection
	GlobalSection(ProjectConfigurationPlatforms) = postSolution
		{79A0F9B9-0C50-471A-8BC8-CED03521E5B6}.Debug|x64.ActiveCfg = Debug|x64
		{79A0F9B9-0C50-471A-8BC8-CED03521E5B6}.Debug|x64.Build.0 = Debug|x64
		{79A0F9B9-0C50-471A-8BC8-CED03521E5B6}.Debug|x86.ActiveCfg = Debug|Win32
		{79A0F9B9-0C50-471A-8BC8-CED03521E5B6}.Debug|x86.Build.0 = Debug|Win32
		{79A0F9B9-0C50-471A-8BC8-CED03521E5B6}.Release|x64.ActiveCfg = Release|x64
		{79A0F9B9-0C50-471A-8BC8-CED03521E5B6}.Release|x64.Build.0 = Release|x64
		{79A0F9B9-0C50-471A-8BC8-CED03521E5B6}.Release|x86.ActiveCfg = Release|Win32
		{79A0F9B9-0C50-471A-8BC8-CED03521E5B6}.Release|x86.Build.0 = Release|Win32
		{CEBF3392-110E-4928-A169-D483012095BA}.Debug|x64.ActiveCfg = Debug|x64
		{CEBF3392-110E-4928-A169-D483012095BA}.Debug|x64.Build.0 = Debug|x64
		{CEBF3392-110E-4928-A169-D483012095BA}.Debug|x86.ActiveCfg = Debug|Win32
		{CEBF3392-110E-4928-A169-D483012095BA}.Debug|x86.Build.0 = Debug|Win32
		{CEBF3392-110E-4928-A169-D483012095BA}.Release|x64.ActiveCfg = Release|x64
		{CEBF3392-110E-4928-A169-D483012095BA}.Release|x64.Build.0 = Release|x64
		{CEBF3392-110E-4928-A169-D483012095BA}.Release|x86.ActiveCfg = Release|Win32
		{CEBF3392-110E-4928-A169-D483012095BA}.Release|x86.Build.0 = Release|Win32
		{3313048E-35E9-4628-8654-D1B8880C7F27}.Debug|x64.ActiveCfg = Debug|x64
		{3313048E-35E9-4628-8654-D1B8880C7F27}.Debug|x64.Build.0 = Debug|x64
		{3313048E-35E9-4628-8654-D1B8880C7F27}.Debug|x86.ActiveCfg = Debug|Win32
		{3313048E-35E9-4628-8654-D1B8880C7F27}.Debug|x86.Build.0 = Debug|Win32
		{3313048E-35E9-4628-8654-D1B8880C7F27}.Release|x64.ActiveCfg = Release|x64
		{3313048E-35E9-4628-8654-D1B8880C7F27}.Release|x64.Build.0 = Release|x64
		{3313048E-35E9-4628-8654-D1B8880C7F27}.Release|x86.ActiveCfg = Release|Win32
		{3313048E-35E9-4628-8654-D1B8880C7F27}.Release|x86.Build.0 = Release|Win32
		{20FDE81C-5631-418B-BA34-A85262173462}.Debug|x64.ActiveCfg = Debug|x64
		{20FDE81C-5631-418B-BA34-A85262173462}.Debug|x64.Build.0 = Debug|x64
		{20FDE81C-5631-418B-BA34-A85262173462}.Debug|x86.ActiveCfg = Debug|Win32
		{20FDE81C-5631-418B-BA34-A85262173462}.Debug|x86.Build.0 = Debug|Win32
		{20FDE81C-5631-418B-BA34-A85262173462}.Release|x64.ActiveCfg = Release|x64
		{20FDE81C-5631-418B-BA34-A85262173462}.Release|x64.Build.0 = Release|x64
		{20FDE81C-5631-418B-BA34-A85262173462}.Release|x86.ActiveCfg = Release|Win32
		{20FDE81C-5631-418B-BA34-A85262173462}.Release|x86.Build.0 = Release|Win32
	EndGlobalSection
	GlobalSection(SolutionProperties) = preSolution
		HideSolutionNode = FALSE
	EndGlobalSection
	GlobalSection(ExtensibilityGlobals) = postSolution
		SolutionGuid = {70843206-2E8A-442D-87BC-22836283D393}
	EndGlobalSection
EndGlobal
